// !$*UTF8*$!
{
	archiveVersion = 1;
	classes = {
	};
	objectVersion = 46;
	objects = {

/* Begin PBXBuildFile section */
		D54851251BF7D45900C7FB4C /* AppDelegate.m in Sources */ = {isa = PBXBuildFile; fileRef = D54851241BF7D45900C7FB4C /* AppDelegate.m */; };
		D54851271BF7D45900C7FB4C /* main.m in Sources */ = {isa = PBXBuildFile; fileRef = D54851261BF7D45900C7FB4C /* main.m */; };
		D54851291BF7D45900C7FB4C /* Images.xcassets in Resources */ = {isa = PBXBuildFile; fileRef = D54851281BF7D45900C7FB4C /* Images.xcassets */; };
		D548512C1BF7D45900C7FB4C /* MainMenu.xib in Resources */ = {isa = PBXBuildFile; fileRef = D548512A1BF7D45900C7FB4C /* MainMenu.xib */; };
		D54851381BF7D45900C7FB4C /* lonTests.m in Sources */ = {isa = PBXBuildFile; fileRef = D54851371BF7D45900C7FB4C /* lonTests.m */; };
/* End PBXBuildFile section */

/* Begin PBXContainerItemProxy section */
		D54851321BF7D45900C7FB4C /* PBXContainerItemProxy */ = {
			isa = PBXContainerItemProxy;
			containerPortal = D54851161BF7D45900C7FB4C /* Project object */;
			proxyType = 1;
			remoteGlobalIDString = D548511D1BF7D45900C7FB4C;
			remoteInfo = lon;
		};
/* End PBXContainerItemProxy section */

/* Begin PBXFileReference section */
		D548511E1BF7D45900C7FB4C /* lon.app */ = {isa = PBXFileReference; explicitFileType = wrapper.application; includeInIndex = 0; path = lon.app; sourceTree = BUILT_PRODUCTS_DIR; };
		D54851221BF7D45900C7FB4C /* Info.plist */ = {isa = PBXFileReference; lastKnownFileType = text.plist.xml; path = Info.plist; sourceTree = "<group>"; };
		D54851231BF7D45900C7FB4C /* AppDelegate.h */ = {isa = PBXFileReference; lastKnownFileType = sourcecode.c.h; path = AppDelegate.h; sourceTree = "<group>"; };
		D54851241BF7D45900C7FB4C /* AppDelegate.m */ = {isa = PBXFileReference; lastKnownFileType = sourcecode.c.objc; path = AppDelegate.m; sourceTree = "<group>"; };
		D54851261BF7D45900C7FB4C /* main.m */ = {isa = PBXFileReference; lastKnownFileType = sourcecode.c.objc; path = main.m; sourceTree = "<group>"; };
		D54851281BF7D45900C7FB4C /* Images.xcassets */ = {isa = PBXFileReference; lastKnownFileType = folder.assetcatalog; path = Images.xcassets; sourceTree = "<group>"; };
		D548512B1BF7D45900C7FB4C /* Base */ = {isa = PBXFileReference; lastKnownFileType = file.xib; name = Base; path = Base.lproj/MainMenu.xib; sourceTree = "<group>"; };
		D54851311BF7D45900C7FB4C /* lonTests.xctest */ = {isa = PBXFileReference; explicitFileType = wrapper.cfbundle; includeInIndex = 0; path = lonTests.xctest; sourceTree = BUILT_PRODUCTS_DIR; };
		D54851361BF7D45900C7FB4C /* Info.plist */ = {isa = PBXFileReference; lastKnownFileType = text.plist.xml; path = Info.plist; sourceTree = "<group>"; };
		D54851371BF7D45900C7FB4C /* lonTests.m */ = {isa = PBXFileReference; lastKnownFileType = sourcecode.c.objc; path = lonTests.m; sourceTree = "<group>"; };
/* End PBXFileReference section */

/* Begin PBXFrameworksBuildPhase section */
		D548511B1BF7D45900C7FB4C /* Frameworks */ = {
			isa = PBXFrameworksBuildPhase;
			buildActionMask = 2147483647;
			files = (
			);
			runOnlyForDeploymentPostprocessing = 0;
		};
		D548512E1BF7D45900C7FB4C /* Frameworks */ = {
			isa = PBXFrameworksBuildPhase;
			buildActionMask = 2147483647;
			files = (
			);
			runOnlyForDeploymentPostprocessing = 0;
		};
/* End PBXFrameworksBuildPhase section */

/* Begin PBXGroup section */
		D54851151BF7D45900C7FB4C = {
			isa = PBXGroup;
			children = (
				D54851201BF7D45900C7FB4C /* lon */,
				D54851341BF7D45900C7FB4C /* lonTests */,
				D548511F1BF7D45900C7FB4C /* Products */,
			);
			sourceTree = "<group>";
		};
		D548511F1BF7D45900C7FB4C /* Products */ = {
			isa = PBXGroup;
			children = (
				D548511E1BF7D45900C7FB4C /* lon.app */,
				D54851311BF7D45900C7FB4C /* lonTests.xctest */,
			);
			name = Products;
			sourceTree = "<group>";
		};
		D54851201BF7D45900C7FB4C /* lon */ = {
			isa = PBXGroup;
			children = (
				D54851231BF7D45900C7FB4C /* AppDelegate.h */,
				D54851241BF7D45900C7FB4C /* AppDelegate.m */,
				D54851281BF7D45900C7FB4C /* Images.xcassets */,
				D548512A1BF7D45900C7FB4C /* MainMenu.xib */,
				D54851211BF7D45900C7FB4C /* Supporting Files */,
			);
			path = lon;
			sourceTree = "<group>";
		};
		D54851211BF7D45900C7FB4C /* Supporting Files */ = {
			isa = PBXGroup;
			children = (
				D54851221BF7D45900C7FB4C /* Info.plist */,
				D54851261BF7D45900C7FB4C /* main.m */,
			);
			name = "Supporting Files";
			sourceTree = "<group>";
		};
		D54851341BF7D45900C7FB4C /* lonTests */ = {
			isa = PBXGroup;
			children = (
				D54851371BF7D45900C7FB4C /* lonTests.m */,
				D54851351BF7D45900C7FB4C /* Supporting Files */,
			);
			path = lonTests;
			sourceTree = "<group>";
		};
		D54851351BF7D45900C7FB4C /* Supporting Files */ = {
			isa = PBXGroup;
			children = (
				D54851361BF7D45900C7FB4C /* Info.plist */,
			);
			name = "Supporting Files";
			sourceTree = "<group>";
		};
/* End PBXGroup section */

/* Begin PBXNativeTarget section */
		D548511D1BF7D45900C7FB4C /* lon */ = {
			isa = PBXNativeTarget;
			buildConfigurationList = D548513B1BF7D45900C7FB4C /* Build configuration list for PBXNativeTarget "lon" */;
			buildPhases = (
				D548511A1BF7D45900C7FB4C /* Sources */,
				D548511B1BF7D45900C7FB4C /* Frameworks */,
				D548511C1BF7D45900C7FB4C /* Resources */,
			);
			buildRules = (
			);
			dependencies = (
			);
			name = lon;
			productName = lon;
			productReference = D548511E1BF7D45900C7FB4C /* lon.app */;
			productType = "com.apple.product-type.application";
		};
		D54851301BF7D45900C7FB4C /* lonTests */ = {
			isa = PBXNativeTarget;
			buildConfigurationList = D548513E1BF7D45900C7FB4C /* Build configuration list for PBXNativeTarget "lonTests" */;
			buildPhases = (
				D548512D1BF7D45900C7FB4C /* Sources */,
				D548512E1BF7D45900C7FB4C /* Frameworks */,
				D548512F1BF7D45900C7FB4C /* Resources */,
			);
			buildRules = (
			);
			dependencies = (
				D54851331BF7D45900C7FB4C /* PBXTargetDependency */,
			);
			name = lonTests;
			productName = lonTests;
			productReference = D54851311BF7D45900C7FB4C /* lonTests.xctest */;
			productType = "com.apple.product-type.bundle.unit-test";
		};
/* End PBXNativeTarget section */

/* Begin PBXProject section */
		D54851161BF7D45900C7FB4C /* Project object */ = {
			isa = PBXProject;
			attributes = {
				LastUpgradeCheck = 0620;
				ORGANIZATIONNAME = "Christopher Bayley";
				TargetAttributes = {
					D548511D1BF7D45900C7FB4C = {
						CreatedOnToolsVersion = 6.2;
					};
					D54851301BF7D45900C7FB4C = {
						CreatedOnToolsVersion = 6.2;
						TestTargetID = D548511D1BF7D45900C7FB4C;
					};
				};
			};
			buildConfigurationList = D54851191BF7D45900C7FB4C /* Build configuration list for PBXProject "lon" */;
			compatibilityVersion = "Xcode 3.2";
			developmentRegion = English;
			hasScannedForEncodings = 0;
			knownRegions = (
				en,
				Base,
			);
			mainGroup = D54851151BF7D45900C7FB4C;
			productRefGroup = D548511F1BF7D45900C7FB4C /* Products */;
			projectDirPath = "";
			projectRoot = "";
			targets = (
				D548511D1BF7D45900C7FB4C /* lon */,
				D54851301BF7D45900C7FB4C /* lonTests */,
			);
		};
/* End PBXProject section */

/* Begin PBXResourcesBuildPhase section */
		D548511C1BF7D45900C7FB4C /* Resources */ = {
			isa = PBXResourcesBuildPhase;
			buildActionMask = 2147483647;
			files = (
				D54851291BF7D45900C7FB4C /* Images.xcassets in Resources */,
				D548512C1BF7D45900C7FB4C /* MainMenu.xib in Resources */,
			);
			runOnlyForDeploymentPostprocessing = 0;
		};
		D548512F1BF7D45900C7FB4C /* Resources */ = {
			isa = PBXResourcesBuildPhase;
			buildActionMask = 2147483647;
			files = (
			);
			runOnlyForDeploymentPostprocessing = 0;
		};
/* End PBXResourcesBuildPhase section */

/* Begin PBXSourcesBuildPhase section */
		D548511A1BF7D45900C7FB4C /* Sources */ = {
			isa = PBXSourcesBuildPhase;
			buildActionMask = 2147483647;
			files = (
				D54851271BF7D45900C7FB4C /* main.m in Sources */,
				D54851251BF7D45900C7FB4C /* AppDelegate.m in Sources */,
			);
			runOnlyForDeploymentPostprocessing = 0;
		};
		D548512D1BF7D45900C7FB4C /* Sources */ = {
			isa = PBXSourcesBuildPhase;
			buildActionMask = 2147483647;
			files = (
				D54851381BF7D45900C7FB4C /* lonTests.m in Sources */,
			);
			runOnlyForDeploymentPostprocessing = 0;
		};
/* End PBXSourcesBuildPhase section */

/* Begin PBXTargetDependency section */
		D54851331BF7D45900C7FB4C /* PBXTargetDependency */ = {
			isa = PBXTargetDependency;
			target = D548511D1BF7D45900C7FB4C /* lon */;
			targetProxy = D54851321BF7D45900C7FB4C /* PBXContainerItemProxy */;
		};
/* End PBXTargetDependency section */

/* Begin PBXVariantGroup section */
		D548512A1BF7D45900C7FB4C /* MainMenu.xib */ = {
			isa = PBXVariantGroup;
			children = (
				D548512B1BF7D45900C7FB4C /* Base */,
			);
			name = MainMenu.xib;
			sourceTree = "<group>";
		};
/* End PBXVariantGroup section */

/* Begin XCBuildConfiguration section */
		D54851391BF7D45900C7FB4C /* Debug */ = {
			isa = XCBuildConfiguration;
			buildSettings = {
				ALWAYS_SEARCH_USER_PATHS = NO;
				CLANG_CXX_LANGUAGE_STANDARD = "gnu++0x";
				CLANG_CXX_LIBRARY = "libc++";
				CLANG_ENABLE_MODULES = YES;
				CLANG_ENABLE_OBJC_ARC = YES;
				CLANG_WARN_BOOL_CONVERSION = YES;
				CLANG_WARN_CONSTANT_CONVERSION = YES;
				CLANG_WARN_DIRECT_OBJC_ISA_USAGE = YES_ERROR;
				CLANG_WARN_EMPTY_BODY = YES;
				CLANG_WARN_ENUM_CONVERSION = YES;
				CLANG_WARN_INT_CONVERSION = YES;
				CLANG_WARN_OBJC_ROOT_CLASS = YES_ERROR;
				CLANG_WARN_UNREACHABLE_CODE = YES;
				CLANG_WARN__DUPLICATE_METHOD_MATCH = YES;
				CODE_SIGN_IDENTITY = "-";
				COPY_PHASE_STRIP = NO;
				ENABLE_STRICT_OBJC_MSGSEND = YES;
				GCC_C_LANGUAGE_STANDARD = gnu99;
				GCC_DYNAMIC_NO_PIC = NO;
				GCC_OPTIMIZATION_LEVEL = 0;
				GCC_PREPROCESSOR_DEFINITIONS = (
					"DEBUG=1",
					"$(inherited)",
				);
				GCC_SYMBOLS_PRIVATE_EXTERN = NO;
				GCC_WARN_64_TO_32_BIT_CONVERSION = YES;
				GCC_WARN_ABOUT_RETURN_TYPE = YES_ERROR;
				GCC_WARN_UNDECLARED_SELECTOR = YES;
				GCC_WARN_UNINITIALIZED_AUTOS = YES_AGGRESSIVE;
				GCC_WARN_UNUSED_FUNCTION = YES;
				GCC_WARN_UNUSED_VARIABLE = YES;
				MACOSX_DEPLOYMENT_TARGET = 10.9;
				MTL_ENABLE_DEBUG_INFO = YES;
				ONLY_ACTIVE_ARCH = YES;
				SDKROOT = macosx;
			};
			name = Debug;
		};
		D548513A1BF7D45900C7FB4C /* Release */ = {
			isa = XCBuildConfiguration;
			buildSettings = {
				ALWAYS_SEARCH_USER_PATHS = NO;
				CLANG_CXX_LANGUAGE_STANDARD = "gnu++0x";
				CLANG_CXX_LIBRARY = "libc++";
				CLANG_ENABLE_MODULES = YES;
				CLANG_ENABLE_OBJC_ARC = YES;
				CLANG_WARN_BOOL_CONVERSION = YES;
				CLANG_WARN_CONSTANT_CONVERSION = YES;
				CLANG_WARN_DIRECT_OBJC_ISA_USAGE = YES_ERROR;
				CLANG_WARN_EMPTY_BODY = YES;
				CLANG_WARN_ENUM_CONVERSION = YES;
				CLANG_WARN_INT_CONVERSION = YES;
				CLANG_WARN_OBJC_ROOT_CLASS = YES_ERROR;
				CLANG_WARN_UNREACHABLE_CODE = YES;
				CLANG_WARN__DUPLICATE_METHOD_MATCH = YES;
				CODE_SIGN_IDENTITY = "-";
				COPY_PHASE_STRIP = NO;
				DEBUG_INFORMATION_FORMAT = "dwarf-with-dsym";
				ENABLE_NS_ASSERTIONS = NO;
				ENABLE_STRICT_OBJC_MSGSEND = YES;
				GCC_C_LANGUAGE_STANDARD = gnu99;
				GCC_WARN_64_TO_32_BIT_CONVERSION = YES;
				GCC_WARN_ABOUT_RETURN_TYPE = YES_ERROR;
				GCC_WARN_UNDECLARED_SELECTOR = YES;
				GCC_WARN_UNINITIALIZED_AUTOS = YES_AGGRESSIVE;
				GCC_WARN_UNUSED_FUNCTION = YES;
				GCC_WARN_UNUSED_VARIABLE = YES;
				MACOSX_DEPLOYMENT_TARGET = 10.9;
				MTL_ENABLE_DEBUG_INFO = NO;
				SDKROOT = macosx;
			};
			name = Release;
		};
		D548513C1BF7D45900C7FB4C /* Debug */ = {
			isa = XCBuildConfiguration;
			buildSettings = {
				ASSETCATALOG_COMPILER_APPICON_NAME = AppIcon;
				COMBINE_HIDPI_IMAGES = YES;
				INFOPLIST_FILE = lon/Info.plist;
				LD_RUNPATH_SEARCH_PATHS = "$(inherited) @executable_path/../Frameworks";
				PRODUCT_NAME = "$(TARGET_NAME)";
			};
			name = Debug;
		};
		D548513D1BF7D45900C7FB4C /* Release */ = {
			isa = XCBuildConfiguration;
			buildSettings = {
				ASSETCATALOG_COMPILER_APPICON_NAME = AppIcon;
				COMBINE_HIDPI_IMAGES = YES;
				INFOPLIST_FILE = lon/Info.plist;
				LD_RUNPATH_SEARCH_PATHS = "$(inherited) @executable_path/../Frameworks";
				PRODUCT_NAME = "$(TARGET_NAME)";
			};
			name = Release;
		};
		D548513F1BF7D45900C7FB4C /* Debug */ = {
			isa = XCBuildConfiguration;
			buildSettings = {
				BUNDLE_LOADER = "$(TEST_HOST)";
				COMBINE_HIDPI_IMAGES = YES;
				FRAMEWORK_SEARCH_PATHS = (
					"$(DEVELOPER_FRAMEWORKS_DIR)",
					"$(inherited)",
				);
				GCC_PREPROCESSOR_DEFINITIONS = (
					"DEBUG=1",
					"$(inherited)",
				);
				INFOPLIST_FILE = lonTests/Info.plist;
				LD_RUNPATH_SEARCH_PATHS = "$(inherited) @executable_path/../Frameworks @loader_path/../Frameworks";
				PRODUCT_NAME = "$(TARGET_NAME)";
				TEST_HOST = "$(BUILT_PRODUCTS_DIR)/lon.app/Contents/MacOS/lon";
			};
			name = Debug;
		};
		D54851401BF7D45900C7FB4C /* Release */ = {
			isa = XCBuildConfiguration;
			buildSettings = {
				BUNDLE_LOADER = "$(TEST_HOST)";
				COMBINE_HIDPI_IMAGES = YES;
				FRAMEWORK_SEARCH_PATHS = (
					"$(DEVELOPER_FRAMEWORKS_DIR)",
					"$(inherited)",
				);
				INFOPLIST_FILE = lonTests/Info.plist;
				LD_RUNPATH_SEARCH_PATHS = "$(inherited) @executable_path/../Frameworks @loader_path/../Frameworks";
				PRODUCT_NAME = "$(TARGET_NAME)";
				TEST_HOST = "$(BUILT_PRODUCTS_DIR)/lon.app/Contents/MacOS/lon";
			};
			name = Release;
		};
/* End XCBuildConfiguration section */

/* Begin XCConfigurationList section */
		D54851191BF7D45900C7FB4C /* Build configuration list for PBXProject "lon" */ = {
			isa = XCConfigurationList;
			buildConfigurations = (
				D54851391BF7D45900C7FB4C /* Debug */,
				D548513A1BF7D45900C7FB4C /* Release */,
			);
			defaultConfigurationIsVisible = 0;
			defaultConfigurationName = Release;
		};
		D548513B1BF7D45900C7FB4C /* Build configuration list for PBXNativeTarget "lon" */ = {
			isa = XCConfigurationList;
			buildConfigurations = (
				D548513C1BF7D45900C7FB4C /* Debug */,
				D548513D1BF7D45900C7FB4C /* Release */,
			);
			defaultConfigurationIsVisible = 0;
		};
		D548513E1BF7D45900C7FB4C /* Build configuration list for PBXNativeTarget "lonTests" */ = {
			isa = XCConfigurationList;
			buildConfigurations = (
				D548513F1BF7D45900C7FB4C /* Debug */,
				D54851401BF7D45900C7FB4C /* Release */,
			);
			defaultConfigurationIsVisible = 0;
		};
/* End XCConfigurationList section */
	};
	rootObject = D54851161BF7D45900C7FB4C /* Project object */;
}
